// !$*UTF8*$!
{
	archiveVersion = 1;
	classes = {
	};
	objectVersion = 50;
	objects = {

/* Begin PBXBuildFile section */
		62AF5F1921E393AE00DE4FE7 /* AppDelegate.swift in Sources */ = {isa = PBXBuildFile; fileRef = 62AF5F1821E393AE00DE4FE7 /* AppDelegate.swift */; };
		62AF5F1B21E393AE00DE4FE7 /* MenuViewController.swift in Sources */ = {isa = PBXBuildFile; fileRef = 62AF5F1A21E393AE00DE4FE7 /* MenuViewController.swift */; };
		62AF5F1E21E393AE00DE4FE7 /* Main.storyboard in Resources */ = {isa = PBXBuildFile; fileRef = 62AF5F1C21E393AE00DE4FE7 /* Main.storyboard */; };
		62AF5F2121E393AE00DE4FE7 /* English_with_Papich.xcdatamodeld in Sources */ = {isa = PBXBuildFile; fileRef = 62AF5F1F21E393AE00DE4FE7 /* English_with_Papich.xcdatamodeld */; };
		62AF5F2321E393AF00DE4FE7 /* Assets.xcassets in Resources */ = {isa = PBXBuildFile; fileRef = 62AF5F2221E393AF00DE4FE7 /* Assets.xcassets */; };
		62AF5F2621E393AF00DE4FE7 /* LaunchScreen.storyboard in Resources */ = {isa = PBXBuildFile; fileRef = 62AF5F2421E393AF00DE4FE7 /* LaunchScreen.storyboard */; };
		62D2460121E39DDA0086776E /* MenuTableViewCell.swift in Sources */ = {isa = PBXBuildFile; fileRef = 62D2460021E39DDA0086776E /* MenuTableViewCell.swift */; };
		62D2460421E3C8FA0086776E /* Level1ViewController.swift in Sources */ = {isa = PBXBuildFile; fileRef = 62D2460321E3C8FA0086776E /* Level1ViewController.swift */; };
		62D2460621E4F16B0086776E /* FirstLevelQuestion.swift in Sources */ = {isa = PBXBuildFile; fileRef = 62D2460521E4F16B0086776E /* FirstLevelQuestion.swift */; };
		62D2465F21E4FD930086776E /* country.mp3 in Resources */ = {isa = PBXBuildFile; fileRef = 62D2460921E4FD8E0086776E /* country.mp3 */; };
		62D2466021E4FD930086776E /* rise.mp3 in Resources */ = {isa = PBXBuildFile; fileRef = 62D2460A21E4FD8E0086776E /* rise.mp3 */; };
		62D2466121E4FD930086776E /* harsh man.mp3 in Resources */ = {isa = PBXBuildFile; fileRef = 62D2460B21E4FD8E0086776E /* harsh man.mp3 */; };
		62D2466221E4FD930086776E /* finish.mp3 in Resources */ = {isa = PBXBuildFile; fileRef = 62D2460C21E4FD8E0086776E /* finish.mp3 */; };
		62D2466321E4FD930086776E /* mayhem.mp3 in Resources */ = {isa = PBXBuildFile; fileRef = 62D2460D21E4FD8E0086776E /* mayhem.mp3 */; };
		62D2466421E4FD930086776E /* take my bkb.mp3 in Resources */ = {isa = PBXBuildFile; fileRef = 62D2460E21E4FD8E0086776E /* take my bkb.mp3 */; };
		62D2466521E4FD930086776E /* it begins.mp3 in Resources */ = {isa = PBXBuildFile; fileRef = 62D2460F21E4FD8E0086776E /* it begins.mp3 */; };
		62D2466621E4FD930086776E /* stealth.mp3 in Resources */ = {isa = PBXBuildFile; fileRef = 62D2461021E4FD8E0086776E /* stealth.mp3 */; };
		62D2466721E4FD930086776E /* extraordinary2.mp3 in Resources */ = {isa = PBXBuildFile; fileRef = 62D2461121E4FD8E0086776E /* extraordinary2.mp3 */; };
		62D2466821E4FD930086776E /* ascertain2.mp3 in Resources */ = {isa = PBXBuildFile; fileRef = 62D2461221E4FD8E0086776E /* ascertain2.mp3 */; };
		62D2466921E4FD930086776E /* I will crash you.mp3 in Resources */ = {isa = PBXBuildFile; fileRef = 62D2461321E4FD8E0086776E /* I will crash you.mp3 */; };
		62D2466A21E4FD930086776E /* is not avaliable.mp3 in Resources */ = {isa = PBXBuildFile; fileRef = 62D2461421E4FD8E0086776E /* is not avaliable.mp3 */; };
		62D2466B21E4FD930086776E /* cradle.mp3 in Resources */ = {isa = PBXBuildFile; fileRef = 62D2461521E4FD8E0086776E /* cradle.mp3 */; };
		62D2466C21E4FD930086776E /* consume.mp3 in Resources */ = {isa = PBXBuildFile; fileRef = 62D2461621E4FD8E0086776E /* consume.mp3 */; };
		62D2466D21E4FD930086776E /* cozy.mp3 in Resources */ = {isa = PBXBuildFile; fileRef = 62D2461721E4FD8F0086776E /* cozy.mp3 */; };
		62D2466E21E4FD930086776E /* spectacular.mp3 in Resources */ = {isa = PBXBuildFile; fileRef = 62D2461821E4FD8F0086776E /* spectacular.mp3 */; };
		62D2466F21E4FD930086776E /* to destroy.mp3 in Resources */ = {isa = PBXBuildFile; fileRef = 62D2461921E4FD8F0086776E /* to destroy.mp3 */; };
		62D2467021E4FD930086776E /* after.mp3 in Resources */ = {isa = PBXBuildFile; fileRef = 62D2461A21E4FD8F0086776E /* after.mp3 */; };
		62D2467121E4FD930086776E /* from me.mp3 in Resources */ = {isa = PBXBuildFile; fileRef = 62D2461B21E4FD8F0086776E /* from me.mp3 */; };
		62D2467221E4FD930086776E /* I am better than you.mp3 in Resources */ = {isa = PBXBuildFile; fileRef = 62D2461C21E4FD8F0086776E /* I am better than you.mp3 */; };
		62D2467321E4FD930086776E /* ascertain.mp3 in Resources */ = {isa = PBXBuildFile; fileRef = 62D2461D21E4FD8F0086776E /* ascertain.mp3 */; };
		62D2467421E4FD930086776E /* old man.mp3 in Resources */ = {isa = PBXBuildFile; fileRef = 62D2461E21E4FD8F0086776E /* old man.mp3 */; };
		62D2467521E4FD930086776E /* thick.mp3 in Resources */ = {isa = PBXBuildFile; fileRef = 62D2461F21E4FD8F0086776E /* thick.mp3 */; };
		62D2467621E4FD930086776E /* hidden.mp3 in Resources */ = {isa = PBXBuildFile; fileRef = 62D2462021E4FD8F0086776E /* hidden.mp3 */; };
		62D2467721E4FD930086776E /* pounce.mp3 in Resources */ = {isa = PBXBuildFile; fileRef = 62D2462121E4FD8F0086776E /* pounce.mp3 */; };
		62D2467821E4FD930086776E /* clay.mp3 in Resources */ = {isa = PBXBuildFile; fileRef = 62D2462221E4FD8F0086776E /* clay.mp3 */; };
		62D2467921E4FD930086776E /* the sea.mp3 in Resources */ = {isa = PBXBuildFile; fileRef = 62D2462321E4FD8F0086776E /* the sea.mp3 */; };
		62D2467A21E4FD930086776E /* thrust.mp3 in Resources */ = {isa = PBXBuildFile; fileRef = 62D2462421E4FD8F0086776E /* thrust.mp3 */; };
		62D2467B21E4FD930086776E /* take my land.mp3 in Resources */ = {isa = PBXBuildFile; fileRef = 62D2462521E4FD8F0086776E /* take my land.mp3 */; };
		62D2467C21E4FD930086776E /* my mom.mp3 in Resources */ = {isa = PBXBuildFile; fileRef = 62D2462621E4FD900086776E /* my mom.mp3 */; };
		62D2467D21E4FD930086776E /* for doomhummer.mp3 in Resources */ = {isa = PBXBuildFile; fileRef = 62D2462721E4FD900086776E /* for doomhummer.mp3 */; };
		62D2467E21E4FD930086776E /* check.mp3 in Resources */ = {isa = PBXBuildFile; fileRef = 62D2462821E4FD900086776E /* check.mp3 */; };
		62D2467F21E4FD930086776E /* meadow.mp3 in Resources */ = {isa = PBXBuildFile; fileRef = 62D2462921E4FD900086776E /* meadow.mp3 */; };
		62D2468021E4FD930086776E /* respite.mp3 in Resources */ = {isa = PBXBuildFile; fileRef = 62D2462A21E4FD900086776E /* respite.mp3 */; };
		62D2468121E4FD930086776E /* seven.mp3 in Resources */ = {isa = PBXBuildFile; fileRef = 62D2462B21E4FD900086776E /* seven.mp3 */; };
		62D2468221E4FD930086776E /* What is wrong with you.mp3 in Resources */ = {isa = PBXBuildFile; fileRef = 62D2462C21E4FD900086776E /* What is wrong with you.mp3 */; };
		62D2468321E4FD930086776E /* back.mp3 in Resources */ = {isa = PBXBuildFile; fileRef = 62D2462D21E4FD900086776E /* back.mp3 */; };
		62D2468421E4FD930086776E /* second.mp3 in Resources */ = {isa = PBXBuildFile; fileRef = 62D2462E21E4FD900086776E /* second.mp3 */; };
		62D2468521E4FD930086776E /* weasel.mp3 in Resources */ = {isa = PBXBuildFile; fileRef = 62D2462F21E4FD900086776E /* weasel.mp3 */; };
		62D2468621E4FD930086776E /* extraordinary.mp3 in Resources */ = {isa = PBXBuildFile; fileRef = 62D2463021E4FD900086776E /* extraordinary.mp3 */; };
		62D2468721E4FD930086776E /* wildfire.mp3 in Resources */ = {isa = PBXBuildFile; fileRef = 62D2463121E4FD900086776E /* wildfire.mp3 */; };
		62D2468821E4FD930086776E /* help2.mp3 in Resources */ = {isa = PBXBuildFile; fileRef = 62D2463221E4FD900086776E /* help2.mp3 */; };
		62D2468921E4FD930086776E /* I dropped.mp3 in Resources */ = {isa = PBXBuildFile; fileRef = 62D2463321E4FD900086776E /* I dropped.mp3 */; };
		62D2468A21E4FD930086776E /* take my love.mp3 in Resources */ = {isa = PBXBuildFile; fileRef = 62D2463421E4FD900086776E /* take my love.mp3 */; };
		62D2468B21E4FD930086776E /* help.mp3 in Resources */ = {isa = PBXBuildFile; fileRef = 62D2463521E4FD910086776E /* help.mp3 */; };
		62D2468C21E4FD930086776E /* beautiful.mp3 in Resources */ = {isa = PBXBuildFile; fileRef = 62D2463621E4FD910086776E /* beautiful.mp3 */; };
		62D2468D21E4FD930086776E /* portray.mp3 in Resources */ = {isa = PBXBuildFile; fileRef = 62D2463721E4FD910086776E /* portray.mp3 */; };
		62D2468E21E4FD930086776E /* that was an error.mp3 in Resources */ = {isa = PBXBuildFile; fileRef = 62D2463821E4FD910086776E /* that was an error.mp3 */; };
		62D2468F21E4FD930086776E /* english learning.mp3 in Resources */ = {isa = PBXBuildFile; fileRef = 62D2463921E4FD910086776E /* english learning.mp3 */; };
		62D2469021E4FD930086776E /* burn.mp3 in Resources */ = {isa = PBXBuildFile; fileRef = 62D2463A21E4FD910086776E /* burn.mp3 */; };
		62D2469121E4FD930086776E /* spaceship.mp3 in Resources */ = {isa = PBXBuildFile; fileRef = 62D2463B21E4FD910086776E /* spaceship.mp3 */; };
		62D2469221E4FD930086776E /* non-native.mp3 in Resources */ = {isa = PBXBuildFile; fileRef = 62D2463C21E4FD910086776E /* non-native.mp3 */; };
		62D2469321E4FD930086776E /* blink.mp3 in Resources */ = {isa = PBXBuildFile; fileRef = 62D2463D21E4FD910086776E /* blink.mp3 */; };
		62D2469421E4FD930086776E /* tinker.mp3 in Resources */ = {isa = PBXBuildFile; fileRef = 62D2463E21E4FD910086776E /* tinker.mp3 */; };
		62D2469521E4FD930086776E /* black.mp3 in Resources */ = {isa = PBXBuildFile; fileRef = 62D2463F21E4FD910086776E /* black.mp3 */; };
		62D2469621E4FD930086776E /* glide.mp3 in Resources */ = {isa = PBXBuildFile; fileRef = 62D2464021E4FD910086776E /* glide.mp3 */; };
		62D2469721E4FD930086776E /* tool.mp3 in Resources */ = {isa = PBXBuildFile; fileRef = 62D2464121E4FD910086776E /* tool.mp3 */; };
		62D2469821E4FD930086776E /* hate.mp3 in Resources */ = {isa = PBXBuildFile; fileRef = 62D2464221E4FD910086776E /* hate.mp3 */; };
		62D2469921E4FD930086776E /* stand.mp3 in Resources */ = {isa = PBXBuildFile; fileRef = 62D2464321E4FD910086776E /* stand.mp3 */; };
		62D2469A21E4FD930086776E /* joy.mp3 in Resources */ = {isa = PBXBuildFile; fileRef = 62D2464421E4FD910086776E /* joy.mp3 */; };
		62D2469B21E4FD930086776E /* invoice.mp3 in Resources */ = {isa = PBXBuildFile; fileRef = 62D2464521E4FD920086776E /* invoice.mp3 */; };
		62D2469C21E4FD930086776E /* outright.mp3 in Resources */ = {isa = PBXBuildFile; fileRef = 62D2464621E4FD920086776E /* outright.mp3 */; };
		62D2469D21E4FD930086776E /* stain.mp3 in Resources */ = {isa = PBXBuildFile; fileRef = 62D2464721E4FD920086776E /* stain.mp3 */; };
		62D2469E21E4FD930086776E /* take gem.mp3 in Resources */ = {isa = PBXBuildFile; fileRef = 62D2464821E4FD920086776E /* take gem.mp3 */; };
		62D2469F21E4FD930086776E /* think.mp3 in Resources */ = {isa = PBXBuildFile; fileRef = 62D2464921E4FD920086776E /* think.mp3 */; };
		62D246A021E4FD930086776E /* country2.mp3 in Resources */ = {isa = PBXBuildFile; fileRef = 62D2464A21E4FD920086776E /* country2.mp3 */; };
		62D246A121E4FD930086776E /* continue.mp3 in Resources */ = {isa = PBXBuildFile; fileRef = 62D2464B21E4FD920086776E /* continue.mp3 */; };
		62D246A221E4FD930086776E /* stove.mp3 in Resources */ = {isa = PBXBuildFile; fileRef = 62D2464C21E4FD920086776E /* stove.mp3 */; };
		62D246A321E4FD930086776E /* retribution.mp3 in Resources */ = {isa = PBXBuildFile; fileRef = 62D2464D21E4FD920086776E /* retribution.mp3 */; };
		62D246A421E4FD930086776E /* contempt.mp3 in Resources */ = {isa = PBXBuildFile; fileRef = 62D2464E21E4FD920086776E /* contempt.mp3 */; };
		62D246A521E4FD930086776E /* i thanks.mp3 in Resources */ = {isa = PBXBuildFile; fileRef = 62D2464F21E4FD920086776E /* i thanks.mp3 */; };
		62D246A621E4FD930086776E /* trash.mp3 in Resources */ = {isa = PBXBuildFile; fileRef = 62D2465021E4FD920086776E /* trash.mp3 */; };
		62D246A721E4FD930086776E /* ukraine.mp3 in Resources */ = {isa = PBXBuildFile; fileRef = 62D2465121E4FD920086776E /* ukraine.mp3 */; };
		62D246A821E4FD930086776E /* star.mp3 in Resources */ = {isa = PBXBuildFile; fileRef = 62D2465221E4FD920086776E /* star.mp3 */; };
		62D246A921E4FD930086776E /* very small.mp3 in Resources */ = {isa = PBXBuildFile; fileRef = 62D2465321E4FD920086776E /* very small.mp3 */; };
		62D246AA21E4FD930086776E /* grain.mp3 in Resources */ = {isa = PBXBuildFile; fileRef = 62D2465421E4FD930086776E /* grain.mp3 */; };
		62D246AB21E4FD930086776E /* bring it all.mp3 in Resources */ = {isa = PBXBuildFile; fileRef = 62D2465521E4FD930086776E /* bring it all.mp3 */; };
		62D246AC21E4FD930086776E /* retards.mp3 in Resources */ = {isa = PBXBuildFile; fileRef = 62D2465621E4FD930086776E /* retards.mp3 */; };
		62D246AD21E4FD930086776E /* before you know its grown.mp3 in Resources */ = {isa = PBXBuildFile; fileRef = 62D2465721E4FD930086776E /* before you know its grown.mp3 */; };
		62D246AE21E4FD930086776E /* firefly.mp3 in Resources */ = {isa = PBXBuildFile; fileRef = 62D2465821E4FD930086776E /* firefly.mp3 */; };
		62D246AF21E4FD930086776E /* throat.mp3 in Resources */ = {isa = PBXBuildFile; fileRef = 62D2465921E4FD930086776E /* throat.mp3 */; };
		62D246B021E4FD930086776E /* next.mp3 in Resources */ = {isa = PBXBuildFile; fileRef = 62D2465A21E4FD930086776E /* next.mp3 */; };
		62D246B121E4FD930086776E /* trash2.mp3 in Resources */ = {isa = PBXBuildFile; fileRef = 62D2465B21E4FD930086776E /* trash2.mp3 */; };
		62D246B221E4FD930086776E /* forward.mp3 in Resources */ = {isa = PBXBuildFile; fileRef = 62D2465C21E4FD930086776E /* forward.mp3 */; };
		62D246B321E4FD930086776E /* Thats inredible.mp3 in Resources */ = {isa = PBXBuildFile; fileRef = 62D2465D21E4FD930086776E /* Thats inredible.mp3 */; };
		62D246B421E4FD930086776E /* kill.mp3 in Resources */ = {isa = PBXBuildFile; fileRef = 62D2465E21E4FD930086776E /* kill.mp3 */; };
/* End PBXBuildFile section */

/* Begin PBXFileReference section */
		62AF5F1521E393AE00DE4FE7 /* English with Papich.app */ = {isa = PBXFileReference; explicitFileType = wrapper.application; includeInIndex = 0; path = "English with Papich.app"; sourceTree = BUILT_PRODUCTS_DIR; };
		62AF5F1821E393AE00DE4FE7 /* AppDelegate.swift */ = {isa = PBXFileReference; lastKnownFileType = sourcecode.swift; path = AppDelegate.swift; sourceTree = "<group>"; };
		62AF5F1A21E393AE00DE4FE7 /* MenuViewController.swift */ = {isa = PBXFileReference; lastKnownFileType = sourcecode.swift; path = MenuViewController.swift; sourceTree = "<group>"; };
		62AF5F1D21E393AE00DE4FE7 /* Base */ = {isa = PBXFileReference; lastKnownFileType = file.storyboard; name = Base; path = Base.lproj/Main.storyboard; sourceTree = "<group>"; };
		62AF5F2021E393AE00DE4FE7 /* English_with_Papich.xcdatamodel */ = {isa = PBXFileReference; lastKnownFileType = wrapper.xcdatamodel; path = English_with_Papich.xcdatamodel; sourceTree = "<group>"; };
		62AF5F2221E393AF00DE4FE7 /* Assets.xcassets */ = {isa = PBXFileReference; lastKnownFileType = folder.assetcatalog; path = Assets.xcassets; sourceTree = "<group>"; };
		62AF5F2521E393AF00DE4FE7 /* Base */ = {isa = PBXFileReference; lastKnownFileType = file.storyboard; name = Base; path = Base.lproj/LaunchScreen.storyboard; sourceTree = "<group>"; };
		62AF5F2721E393AF00DE4FE7 /* Info.plist */ = {isa = PBXFileReference; lastKnownFileType = text.plist.xml; path = Info.plist; sourceTree = "<group>"; };
		62D2460021E39DDA0086776E /* MenuTableViewCell.swift */ = {isa = PBXFileReference; lastKnownFileType = sourcecode.swift; path = MenuTableViewCell.swift; sourceTree = "<group>"; };
		62D2460321E3C8FA0086776E /* Level1ViewController.swift */ = {isa = PBXFileReference; lastKnownFileType = sourcecode.swift; path = Level1ViewController.swift; sourceTree = "<group>"; };
		62D2460521E4F16B0086776E /* FirstLevelQuestion.swift */ = {isa = PBXFileReference; lastKnownFileType = sourcecode.swift; path = FirstLevelQuestion.swift; sourceTree = "<group>"; };
		62D2460921E4FD8E0086776E /* country.mp3 */ = {isa = PBXFileReference; lastKnownFileType = audio.mp3; path = country.mp3; sourceTree = "<group>"; };
		62D2460A21E4FD8E0086776E /* rise.mp3 */ = {isa = PBXFileReference; lastKnownFileType = audio.mp3; path = rise.mp3; sourceTree = "<group>"; };
		62D2460B21E4FD8E0086776E /* harsh man.mp3 */ = {isa = PBXFileReference; lastKnownFileType = audio.mp3; path = "harsh man.mp3"; sourceTree = "<group>"; };
		62D2460C21E4FD8E0086776E /* finish.mp3 */ = {isa = PBXFileReference; lastKnownFileType = audio.mp3; path = finish.mp3; sourceTree = "<group>"; };
		62D2460D21E4FD8E0086776E /* mayhem.mp3 */ = {isa = PBXFileReference; lastKnownFileType = audio.mp3; path = mayhem.mp3; sourceTree = "<group>"; };
		62D2460E21E4FD8E0086776E /* take my bkb.mp3 */ = {isa = PBXFileReference; lastKnownFileType = audio.mp3; path = "take my bkb.mp3"; sourceTree = "<group>"; };
		62D2460F21E4FD8E0086776E /* it begins.mp3 */ = {isa = PBXFileReference; lastKnownFileType = audio.mp3; path = "it begins.mp3"; sourceTree = "<group>"; };
		62D2461021E4FD8E0086776E /* stealth.mp3 */ = {isa = PBXFileReference; lastKnownFileType = audio.mp3; path = stealth.mp3; sourceTree = "<group>"; };
		62D2461121E4FD8E0086776E /* extraordinary2.mp3 */ = {isa = PBXFileReference; lastKnownFileType = audio.mp3; path = extraordinary2.mp3; sourceTree = "<group>"; };
		62D2461221E4FD8E0086776E /* ascertain2.mp3 */ = {isa = PBXFileReference; lastKnownFileType = audio.mp3; path = ascertain2.mp3; sourceTree = "<group>"; };
		62D2461321E4FD8E0086776E /* I will crash you.mp3 */ = {isa = PBXFileReference; lastKnownFileType = audio.mp3; path = "I will crash you.mp3"; sourceTree = "<group>"; };
		62D2461421E4FD8E0086776E /* is not avaliable.mp3 */ = {isa = PBXFileReference; lastKnownFileType = audio.mp3; path = "is not avaliable.mp3"; sourceTree = "<group>"; };
		62D2461521E4FD8E0086776E /* cradle.mp3 */ = {isa = PBXFileReference; lastKnownFileType = audio.mp3; path = cradle.mp3; sourceTree = "<group>"; };
		62D2461621E4FD8E0086776E /* consume.mp3 */ = {isa = PBXFileReference; lastKnownFileType = audio.mp3; path = consume.mp3; sourceTree = "<group>"; };
		62D2461721E4FD8F0086776E /* cozy.mp3 */ = {isa = PBXFileReference; lastKnownFileType = audio.mp3; path = cozy.mp3; sourceTree = "<group>"; };
		62D2461821E4FD8F0086776E /* spectacular.mp3 */ = {isa = PBXFileReference; lastKnownFileType = audio.mp3; path = spectacular.mp3; sourceTree = "<group>"; };
		62D2461921E4FD8F0086776E /* to destroy.mp3 */ = {isa = PBXFileReference; lastKnownFileType = audio.mp3; path = "to destroy.mp3"; sourceTree = "<group>"; };
		62D2461A21E4FD8F0086776E /* after.mp3 */ = {isa = PBXFileReference; lastKnownFileType = audio.mp3; path = after.mp3; sourceTree = "<group>"; };
		62D2461B21E4FD8F0086776E /* from me.mp3 */ = {isa = PBXFileReference; lastKnownFileType = audio.mp3; path = "from me.mp3"; sourceTree = "<group>"; };
		62D2461C21E4FD8F0086776E /* I am better than you.mp3 */ = {isa = PBXFileReference; lastKnownFileType = audio.mp3; path = "I am better than you.mp3"; sourceTree = "<group>"; };
		62D2461D21E4FD8F0086776E /* ascertain.mp3 */ = {isa = PBXFileReference; lastKnownFileType = audio.mp3; path = ascertain.mp3; sourceTree = "<group>"; };
		62D2461E21E4FD8F0086776E /* old man.mp3 */ = {isa = PBXFileReference; lastKnownFileType = audio.mp3; path = "old man.mp3"; sourceTree = "<group>"; };
		62D2461F21E4FD8F0086776E /* thick.mp3 */ = {isa = PBXFileReference; lastKnownFileType = audio.mp3; path = thick.mp3; sourceTree = "<group>"; };
		62D2462021E4FD8F0086776E /* hidden.mp3 */ = {isa = PBXFileReference; lastKnownFileType = audio.mp3; path = hidden.mp3; sourceTree = "<group>"; };
		62D2462121E4FD8F0086776E /* pounce.mp3 */ = {isa = PBXFileReference; lastKnownFileType = audio.mp3; path = pounce.mp3; sourceTree = "<group>"; };
		62D2462221E4FD8F0086776E /* clay.mp3 */ = {isa = PBXFileReference; lastKnownFileType = audio.mp3; path = clay.mp3; sourceTree = "<group>"; };
		62D2462321E4FD8F0086776E /* the sea.mp3 */ = {isa = PBXFileReference; lastKnownFileType = audio.mp3; path = "the sea.mp3"; sourceTree = "<group>"; };
		62D2462421E4FD8F0086776E /* thrust.mp3 */ = {isa = PBXFileReference; lastKnownFileType = audio.mp3; path = thrust.mp3; sourceTree = "<group>"; };
		62D2462521E4FD8F0086776E /* take my land.mp3 */ = {isa = PBXFileReference; lastKnownFileType = audio.mp3; path = "take my land.mp3"; sourceTree = "<group>"; };
		62D2462621E4FD900086776E /* my mom.mp3 */ = {isa = PBXFileReference; lastKnownFileType = audio.mp3; path = "my mom.mp3"; sourceTree = "<group>"; };
		62D2462721E4FD900086776E /* for doomhummer.mp3 */ = {isa = PBXFileReference; lastKnownFileType = audio.mp3; path = "for doomhummer.mp3"; sourceTree = "<group>"; };
		62D2462821E4FD900086776E /* check.mp3 */ = {isa = PBXFileReference; lastKnownFileType = audio.mp3; path = check.mp3; sourceTree = "<group>"; };
		62D2462921E4FD900086776E /* meadow.mp3 */ = {isa = PBXFileReference; lastKnownFileType = audio.mp3; path = meadow.mp3; sourceTree = "<group>"; };
		62D2462A21E4FD900086776E /* respite.mp3 */ = {isa = PBXFileReference; lastKnownFileType = audio.mp3; path = respite.mp3; sourceTree = "<group>"; };
		62D2462B21E4FD900086776E /* seven.mp3 */ = {isa = PBXFileReference; lastKnownFileType = audio.mp3; path = seven.mp3; sourceTree = "<group>"; };
		62D2462C21E4FD900086776E /* What is wrong with you.mp3 */ = {isa = PBXFileReference; lastKnownFileType = audio.mp3; path = "What is wrong with you.mp3"; sourceTree = "<group>"; };
		62D2462D21E4FD900086776E /* back.mp3 */ = {isa = PBXFileReference; lastKnownFileType = audio.mp3; path = back.mp3; sourceTree = "<group>"; };
		62D2462E21E4FD900086776E /* second.mp3 */ = {isa = PBXFileReference; lastKnownFileType = audio.mp3; path = second.mp3; sourceTree = "<group>"; };
		62D2462F21E4FD900086776E /* weasel.mp3 */ = {isa = PBXFileReference; lastKnownFileType = audio.mp3; path = weasel.mp3; sourceTree = "<group>"; };
		62D2463021E4FD900086776E /* extraordinary.mp3 */ = {isa = PBXFileReference; lastKnownFileType = audio.mp3; path = extraordinary.mp3; sourceTree = "<group>"; };
		62D2463121E4FD900086776E /* wildfire.mp3 */ = {isa = PBXFileReference; lastKnownFileType = audio.mp3; path = wildfire.mp3; sourceTree = "<group>"; };
		62D2463221E4FD900086776E /* help2.mp3 */ = {isa = PBXFileReference; lastKnownFileType = audio.mp3; path = help2.mp3; sourceTree = "<group>"; };
		62D2463321E4FD900086776E /* I dropped.mp3 */ = {isa = PBXFileReference; lastKnownFileType = audio.mp3; path = "I dropped.mp3"; sourceTree = "<group>"; };
		62D2463421E4FD900086776E /* take my love.mp3 */ = {isa = PBXFileReference; lastKnownFileType = audio.mp3; path = "take my love.mp3"; sourceTree = "<group>"; };
		62D2463521E4FD910086776E /* help.mp3 */ = {isa = PBXFileReference; lastKnownFileType = audio.mp3; path = help.mp3; sourceTree = "<group>"; };
		62D2463621E4FD910086776E /* beautiful.mp3 */ = {isa = PBXFileReference; lastKnownFileType = audio.mp3; path = beautiful.mp3; sourceTree = "<group>"; };
		62D2463721E4FD910086776E /* portray.mp3 */ = {isa = PBXFileReference; lastKnownFileType = audio.mp3; path = portray.mp3; sourceTree = "<group>"; };
		62D2463821E4FD910086776E /* that was an error.mp3 */ = {isa = PBXFileReference; lastKnownFileType = audio.mp3; path = "that was an error.mp3"; sourceTree = "<group>"; };
		62D2463921E4FD910086776E /* english learning.mp3 */ = {isa = PBXFileReference; lastKnownFileType = audio.mp3; path = "english learning.mp3"; sourceTree = "<group>"; };
		62D2463A21E4FD910086776E /* burn.mp3 */ = {isa = PBXFileReference; lastKnownFileType = audio.mp3; path = burn.mp3; sourceTree = "<group>"; };
		62D2463B21E4FD910086776E /* spaceship.mp3 */ = {isa = PBXFileReference; lastKnownFileType = audio.mp3; path = spaceship.mp3; sourceTree = "<group>"; };
		62D2463C21E4FD910086776E /* non-native.mp3 */ = {isa = PBXFileReference; lastKnownFileType = audio.mp3; path = "non-native.mp3"; sourceTree = "<group>"; };
		62D2463D21E4FD910086776E /* blink.mp3 */ = {isa = PBXFileReference; lastKnownFileType = audio.mp3; path = blink.mp3; sourceTree = "<group>"; };
		62D2463E21E4FD910086776E /* tinker.mp3 */ = {isa = PBXFileReference; lastKnownFileType = audio.mp3; path = tinker.mp3; sourceTree = "<group>"; };
		62D2463F21E4FD910086776E /* black.mp3 */ = {isa = PBXFileReference; lastKnownFileType = audio.mp3; path = black.mp3; sourceTree = "<group>"; };
		62D2464021E4FD910086776E /* glide.mp3 */ = {isa = PBXFileReference; lastKnownFileType = audio.mp3; path = glide.mp3; sourceTree = "<group>"; };
		62D2464121E4FD910086776E /* tool.mp3 */ = {isa = PBXFileReference; lastKnownFileType = audio.mp3; path = tool.mp3; sourceTree = "<group>"; };
		62D2464221E4FD910086776E /* hate.mp3 */ = {isa = PBXFileReference; lastKnownFileType = audio.mp3; path = hate.mp3; sourceTree = "<group>"; };
		62D2464321E4FD910086776E /* stand.mp3 */ = {isa = PBXFileReference; lastKnownFileType = audio.mp3; path = stand.mp3; sourceTree = "<group>"; };
		62D2464421E4FD910086776E /* joy.mp3 */ = {isa = PBXFileReference; lastKnownFileType = audio.mp3; path = joy.mp3; sourceTree = "<group>"; };
		62D2464521E4FD920086776E /* invoice.mp3 */ = {isa = PBXFileReference; lastKnownFileType = audio.mp3; path = invoice.mp3; sourceTree = "<group>"; };
		62D2464621E4FD920086776E /* outright.mp3 */ = {isa = PBXFileReference; lastKnownFileType = audio.mp3; path = outright.mp3; sourceTree = "<group>"; };
		62D2464721E4FD920086776E /* stain.mp3 */ = {isa = PBXFileReference; lastKnownFileType = audio.mp3; path = stain.mp3; sourceTree = "<group>"; };
		62D2464821E4FD920086776E /* take gem.mp3 */ = {isa = PBXFileReference; lastKnownFileType = audio.mp3; path = "take gem.mp3"; sourceTree = "<group>"; };
		62D2464921E4FD920086776E /* think.mp3 */ = {isa = PBXFileReference; lastKnownFileType = audio.mp3; path = think.mp3; sourceTree = "<group>"; };
		62D2464A21E4FD920086776E /* country2.mp3 */ = {isa = PBXFileReference; lastKnownFileType = audio.mp3; path = country2.mp3; sourceTree = "<group>"; };
		62D2464B21E4FD920086776E /* continue.mp3 */ = {isa = PBXFileReference; lastKnownFileType = audio.mp3; path = continue.mp3; sourceTree = "<group>"; };
		62D2464C21E4FD920086776E /* stove.mp3 */ = {isa = PBXFileReference; lastKnownFileType = audio.mp3; path = stove.mp3; sourceTree = "<group>"; };
		62D2464D21E4FD920086776E /* retribution.mp3 */ = {isa = PBXFileReference; lastKnownFileType = audio.mp3; path = retribution.mp3; sourceTree = "<group>"; };
		62D2464E21E4FD920086776E /* contempt.mp3 */ = {isa = PBXFileReference; lastKnownFileType = audio.mp3; path = contempt.mp3; sourceTree = "<group>"; };
		62D2464F21E4FD920086776E /* i thanks.mp3 */ = {isa = PBXFileReference; lastKnownFileType = audio.mp3; path = "i thanks.mp3"; sourceTree = "<group>"; };
		62D2465021E4FD920086776E /* trash.mp3 */ = {isa = PBXFileReference; lastKnownFileType = audio.mp3; path = trash.mp3; sourceTree = "<group>"; };
		62D2465121E4FD920086776E /* ukraine.mp3 */ = {isa = PBXFileReference; lastKnownFileType = audio.mp3; path = ukraine.mp3; sourceTree = "<group>"; };
		62D2465221E4FD920086776E /* star.mp3 */ = {isa = PBXFileReference; lastKnownFileType = audio.mp3; path = star.mp3; sourceTree = "<group>"; };
		62D2465321E4FD920086776E /* very small.mp3 */ = {isa = PBXFileReference; lastKnownFileType = audio.mp3; path = "very small.mp3"; sourceTree = "<group>"; };
		62D2465421E4FD930086776E /* grain.mp3 */ = {isa = PBXFileReference; lastKnownFileType = audio.mp3; path = grain.mp3; sourceTree = "<group>"; };
		62D2465521E4FD930086776E /* bring it all.mp3 */ = {isa = PBXFileReference; lastKnownFileType = audio.mp3; path = "bring it all.mp3"; sourceTree = "<group>"; };
		62D2465621E4FD930086776E /* retards.mp3 */ = {isa = PBXFileReference; lastKnownFileType = audio.mp3; path = retards.mp3; sourceTree = "<group>"; };
		62D2465721E4FD930086776E /* before you know its grown.mp3 */ = {isa = PBXFileReference; lastKnownFileType = audio.mp3; path = "before you know its grown.mp3"; sourceTree = "<group>"; };
		62D2465821E4FD930086776E /* firefly.mp3 */ = {isa = PBXFileReference; lastKnownFileType = audio.mp3; path = firefly.mp3; sourceTree = "<group>"; };
		62D2465921E4FD930086776E /* throat.mp3 */ = {isa = PBXFileReference; lastKnownFileType = audio.mp3; path = throat.mp3; sourceTree = "<group>"; };
		62D2465A21E4FD930086776E /* next.mp3 */ = {isa = PBXFileReference; lastKnownFileType = audio.mp3; path = next.mp3; sourceTree = "<group>"; };
		62D2465B21E4FD930086776E /* trash2.mp3 */ = {isa = PBXFileReference; lastKnownFileType = audio.mp3; path = trash2.mp3; sourceTree = "<group>"; };
		62D2465C21E4FD930086776E /* forward.mp3 */ = {isa = PBXFileReference; lastKnownFileType = audio.mp3; path = forward.mp3; sourceTree = "<group>"; };
		62D2465D21E4FD930086776E /* Thats inredible.mp3 */ = {isa = PBXFileReference; lastKnownFileType = audio.mp3; path = "Thats inredible.mp3"; sourceTree = "<group>"; };
		62D2465E21E4FD930086776E /* kill.mp3 */ = {isa = PBXFileReference; lastKnownFileType = audio.mp3; path = kill.mp3; sourceTree = "<group>"; };
/* End PBXFileReference section */

/* Begin PBXFrameworksBuildPhase section */
		62AF5F1221E393AE00DE4FE7 /* Frameworks */ = {
			isa = PBXFrameworksBuildPhase;
			buildActionMask = 2147483647;
			files = (
			);
			runOnlyForDeploymentPostprocessing = 0;
		};
/* End PBXFrameworksBuildPhase section */

/* Begin PBXGroup section */
		62AF5F0C21E393AE00DE4FE7 = {
			isa = PBXGroup;
			children = (
				62AF5F1721E393AE00DE4FE7 /* English with Papich */,
				62AF5F1621E393AE00DE4FE7 /* Products */,
			);
			sourceTree = "<group>";
		};
		62AF5F1621E393AE00DE4FE7 /* Products */ = {
			isa = PBXGroup;
			children = (
				62AF5F1521E393AE00DE4FE7 /* English with Papich.app */,
			);
			name = Products;
			sourceTree = "<group>";
		};
		62AF5F1721E393AE00DE4FE7 /* English with Papich */ = {
			isa = PBXGroup;
			children = (
				62AF5F1821E393AE00DE4FE7 /* AppDelegate.swift */,
				62D2460721E4F1770086776E /* Models */,
				62D2460221E39DEC0086776E /* Views */,
				62D245FF21E395090086776E /* Controllers */,
				62AF5F1C21E393AE00DE4FE7 /* Main.storyboard */,
				62AF5F2221E393AF00DE4FE7 /* Assets.xcassets */,
				62D2460821E4FC7B0086776E /* Resources */,
				62AF5F2421E393AF00DE4FE7 /* LaunchScreen.storyboard */,
				62AF5F2721E393AF00DE4FE7 /* Info.plist */,
				62AF5F1F21E393AE00DE4FE7 /* English_with_Papich.xcdatamodeld */,
			);
			path = "English with Papich";
			sourceTree = "<group>";
		};
		62D245FF21E395090086776E /* Controllers */ = {
			isa = PBXGroup;
			children = (
				62AF5F1A21E393AE00DE4FE7 /* MenuViewController.swift */,
				62D2460321E3C8FA0086776E /* Level1ViewController.swift */,
			);
			path = Controllers;
			sourceTree = "<group>";
		};
		62D2460221E39DEC0086776E /* Views */ = {
			isa = PBXGroup;
			children = (
				62D2460021E39DDA0086776E /* MenuTableViewCell.swift */,
			);
			path = Views;
			sourceTree = "<group>";
		};
		62D2460721E4F1770086776E /* Models */ = {
			isa = PBXGroup;
			children = (
				62D2460521E4F16B0086776E /* FirstLevelQuestion.swift */,
			);
			path = Models;
			sourceTree = "<group>";
		};
		62D2460821E4FC7B0086776E /* Resources */ = {
			isa = PBXGroup;
			children = (
				62D2461A21E4FD8F0086776E /* after.mp3 */,
				62D2461D21E4FD8F0086776E /* ascertain.mp3 */,
				62D2461221E4FD8E0086776E /* ascertain2.mp3 */,
				62D2462D21E4FD900086776E /* back.mp3 */,
				62D2463621E4FD910086776E /* beautiful.mp3 */,
				62D2465721E4FD930086776E /* before you know its grown.mp3 */,
				62D2463F21E4FD910086776E /* black.mp3 */,
				62D2463D21E4FD910086776E /* blink.mp3 */,
				62D2465521E4FD930086776E /* bring it all.mp3 */,
				62D2463A21E4FD910086776E /* burn.mp3 */,
				62D2462821E4FD900086776E /* check.mp3 */,
				62D2462221E4FD8F0086776E /* clay.mp3 */,
				62D2461621E4FD8E0086776E /* consume.mp3 */,
				62D2464E21E4FD920086776E /* contempt.mp3 */,
				62D2464B21E4FD920086776E /* continue.mp3 */,
				62D2460921E4FD8E0086776E /* country.mp3 */,
				62D2464A21E4FD920086776E /* country2.mp3 */,
				62D2461721E4FD8F0086776E /* cozy.mp3 */,
				62D2461521E4FD8E0086776E /* cradle.mp3 */,
				62D2463921E4FD910086776E /* english learning.mp3 */,
				62D2463021E4FD900086776E /* extraordinary.mp3 */,
				62D2461121E4FD8E0086776E /* extraordinary2.mp3 */,
				62D2460C21E4FD8E0086776E /* finish.mp3 */,
				62D2465821E4FD930086776E /* firefly.mp3 */,
				62D2462721E4FD900086776E /* for doomhummer.mp3 */,
				62D2465C21E4FD930086776E /* forward.mp3 */,
				62D2461B21E4FD8F0086776E /* from me.mp3 */,
				62D2464021E4FD910086776E /* glide.mp3 */,
				62D2465421E4FD930086776E /* grain.mp3 */,
				62D2460B21E4FD8E0086776E /* harsh man.mp3 */,
				62D2464221E4FD910086776E /* hate.mp3 */,
				62D2463521E4FD910086776E /* help.mp3 */,
				62D2463221E4FD900086776E /* help2.mp3 */,
				62D2462021E4FD8F0086776E /* hidden.mp3 */,
				62D2461C21E4FD8F0086776E /* I am better than you.mp3 */,
				62D2463321E4FD900086776E /* I dropped.mp3 */,
				62D2464F21E4FD920086776E /* i thanks.mp3 */,
				62D2461321E4FD8E0086776E /* I will crash you.mp3 */,
				62D2464521E4FD920086776E /* invoice.mp3 */,
				62D2461421E4FD8E0086776E /* is not avaliable.mp3 */,
				62D2460F21E4FD8E0086776E /* it begins.mp3 */,
				62D2464421E4FD910086776E /* joy.mp3 */,
				62D2465E21E4FD930086776E /* kill.mp3 */,
				62D2460D21E4FD8E0086776E /* mayhem.mp3 */,
				62D2462921E4FD900086776E /* meadow.mp3 */,
				62D2462621E4FD900086776E /* my mom.mp3 */,
				62D2465A21E4FD930086776E /* next.mp3 */,
				62D2463C21E4FD910086776E /* non-native.mp3 */,
				62D2461E21E4FD8F0086776E /* old man.mp3 */,
				62D2464621E4FD920086776E /* outright.mp3 */,
				62D2463721E4FD910086776E /* portray.mp3 */,
				62D2462121E4FD8F0086776E /* pounce.mp3 */,
				62D2462A21E4FD900086776E /* respite.mp3 */,
				62D2465621E4FD930086776E /* retards.mp3 */,
				62D2464D21E4FD920086776E /* retribution.mp3 */,
				62D2460A21E4FD8E0086776E /* rise.mp3 */,
				62D2462E21E4FD900086776E /* second.mp3 */,
				62D2462B21E4FD900086776E /* seven.mp3 */,
				62D2463B21E4FD910086776E /* spaceship.mp3 */,
				62D2461821E4FD8F0086776E /* spectacular.mp3 */,
				62D2464721E4FD920086776E /* stain.mp3 */,
				62D2464321E4FD910086776E /* stand.mp3 */,
				62D2465221E4FD920086776E /* star.mp3 */,
				62D2461021E4FD8E0086776E /* stealth.mp3 */,
				62D2464C21E4FD920086776E /* stove.mp3 */,
				62D2464821E4FD920086776E /* take gem.mp3 */,
				62D2460E21E4FD8E0086776E /* take my bkb.mp3 */,
				62D2462521E4FD8F0086776E /* take my land.mp3 */,
				62D2463421E4FD900086776E /* take my love.mp3 */,
				62D2463821E4FD910086776E /* that was an error.mp3 */,
				62D2465D21E4FD930086776E /* Thats inredible.mp3 */,
				62D2462321E4FD8F0086776E /* the sea.mp3 */,
				62D2461F21E4FD8F0086776E /* thick.mp3 */,
				62D2464921E4FD920086776E /* think.mp3 */,
				62D2465921E4FD930086776E /* throat.mp3 */,
				62D2462421E4FD8F0086776E /* thrust.mp3 */,
				62D2463E21E4FD910086776E /* tinker.mp3 */,
				62D2461921E4FD8F0086776E /* to destroy.mp3 */,
				62D2464121E4FD910086776E /* tool.mp3 */,
				62D2465021E4FD920086776E /* trash.mp3 */,
				62D2465B21E4FD930086776E /* trash2.mp3 */,
				62D2465121E4FD920086776E /* ukraine.mp3 */,
				62D2465321E4FD920086776E /* very small.mp3 */,
				62D2462F21E4FD900086776E /* weasel.mp3 */,
				62D2462C21E4FD900086776E /* What is wrong with you.mp3 */,
				62D2463121E4FD900086776E /* wildfire.mp3 */,
			);
			path = Resources;
			sourceTree = "<group>";
		};
/* End PBXGroup section */

/* Begin PBXNativeTarget section */
		62AF5F1421E393AE00DE4FE7 /* English with Papich */ = {
			isa = PBXNativeTarget;
			buildConfigurationList = 62AF5F2A21E393AF00DE4FE7 /* Build configuration list for PBXNativeTarget "English with Papich" */;
			buildPhases = (
				62AF5F1121E393AE00DE4FE7 /* Sources */,
				62AF5F1221E393AE00DE4FE7 /* Frameworks */,
				62AF5F1321E393AE00DE4FE7 /* Resources */,
			);
			buildRules = (
			);
			dependencies = (
			);
			name = "English with Papich";
			productName = "English with Papich";
			productReference = 62AF5F1521E393AE00DE4FE7 /* English with Papich.app */;
			productType = "com.apple.product-type.application";
		};
/* End PBXNativeTarget section */

/* Begin PBXProject section */
		62AF5F0D21E393AE00DE4FE7 /* Project object */ = {
			isa = PBXProject;
			attributes = {
				LastSwiftUpdateCheck = 0940;
				LastUpgradeCheck = 0940;
				ORGANIZATIONNAME = "Shmygovskii Ivan";
				TargetAttributes = {
					62AF5F1421E393AE00DE4FE7 = {
						CreatedOnToolsVersion = 9.4.1;
					};
				};
			};
			buildConfigurationList = 62AF5F1021E393AE00DE4FE7 /* Build configuration list for PBXProject "English with Papich" */;
			compatibilityVersion = "Xcode 9.3";
			developmentRegion = en;
			hasScannedForEncodings = 0;
			knownRegions = (
				en,
				Base,
			);
			mainGroup = 62AF5F0C21E393AE00DE4FE7;
			productRefGroup = 62AF5F1621E393AE00DE4FE7 /* Products */;
			projectDirPath = "";
			projectRoot = "";
			targets = (
				62AF5F1421E393AE00DE4FE7 /* English with Papich */,
			);
		};
/* End PBXProject section */

/* Begin PBXResourcesBuildPhase section */
		62AF5F1321E393AE00DE4FE7 /* Resources */ = {
			isa = PBXResourcesBuildPhase;
			buildActionMask = 2147483647;
			files = (
				62D2466221E4FD930086776E /* finish.mp3 in Resources */,
				62D2467921E4FD930086776E /* the sea.mp3 in Resources */,
				62D2467D21E4FD930086776E /* for doomhummer.mp3 in Resources */,
				62D2468C21E4FD930086776E /* beautiful.mp3 in Resources */,
				62D2466921E4FD930086776E /* I will crash you.mp3 in Resources */,
				62D2468721E4FD930086776E /* wildfire.mp3 in Resources */,
				62D246A421E4FD930086776E /* contempt.mp3 in Resources */,
				62D2469821E4FD930086776E /* hate.mp3 in Resources */,
				62D246A621E4FD930086776E /* trash.mp3 in Resources */,
				62D2467721E4FD930086776E /* pounce.mp3 in Resources */,
				62D2469321E4FD930086776E /* blink.mp3 in Resources */,
				62D2468021E4FD930086776E /* respite.mp3 in Resources */,
				62D2468121E4FD930086776E /* seven.mp3 in Resources */,
				62D2469E21E4FD930086776E /* take gem.mp3 in Resources */,
				62D2468221E4FD930086776E /* What is wrong with you.mp3 in Resources */,
				62D2468621E4FD930086776E /* extraordinary.mp3 in Resources */,
				62D2466321E4FD930086776E /* mayhem.mp3 in Resources */,
				62D2467E21E4FD930086776E /* check.mp3 in Resources */,
				62D2469521E4FD930086776E /* black.mp3 in Resources */,
				62D2466E21E4FD930086776E /* spectacular.mp3 in Resources */,
				62D2468521E4FD930086776E /* weasel.mp3 in Resources */,
				62D2466B21E4FD930086776E /* cradle.mp3 in Resources */,
				62D246A321E4FD930086776E /* retribution.mp3 in Resources */,
				62D2467321E4FD930086776E /* ascertain.mp3 in Resources */,
				62D2466F21E4FD930086776E /* to destroy.mp3 in Resources */,
				62D2466721E4FD930086776E /* extraordinary2.mp3 in Resources */,
				62D2469421E4FD930086776E /* tinker.mp3 in Resources */,
				62D2468A21E4FD930086776E /* take my love.mp3 in Resources */,
				62D2467821E4FD930086776E /* clay.mp3 in Resources */,
				62D2469121E4FD930086776E /* spaceship.mp3 in Resources */,
				62D2469C21E4FD930086776E /* outright.mp3 in Resources */,
				62D2468821E4FD930086776E /* help2.mp3 in Resources */,
				62D2466621E4FD930086776E /* stealth.mp3 in Resources */,
				62D2468421E4FD930086776E /* second.mp3 in Resources */,
				62D2469021E4FD930086776E /* burn.mp3 in Resources */,
				62AF5F2621E393AF00DE4FE7 /* LaunchScreen.storyboard in Resources */,
				62D2467621E4FD930086776E /* hidden.mp3 in Resources */,
				62D2466421E4FD930086776E /* take my bkb.mp3 in Resources */,
				62D246AB21E4FD930086776E /* bring it all.mp3 in Resources */,
				62D2469921E4FD930086776E /* stand.mp3 in Resources */,
				62D2467F21E4FD930086776E /* meadow.mp3 in Resources */,
				62D2468D21E4FD930086776E /* portray.mp3 in Resources */,
				62D246B221E4FD930086776E /* forward.mp3 in Resources */,
				62D2466521E4FD930086776E /* it begins.mp3 in Resources */,
				62D2466A21E4FD930086776E /* is not avaliable.mp3 in Resources */,
				62D2466821E4FD930086776E /* ascertain2.mp3 in Resources */,
				62D2467A21E4FD930086776E /* thrust.mp3 in Resources */,
				62D246B021E4FD930086776E /* next.mp3 in Resources */,
				62D2467C21E4FD930086776E /* my mom.mp3 in Resources */,
				62D2468E21E4FD930086776E /* that was an error.mp3 in Resources */,
				62D246A921E4FD930086776E /* very small.mp3 in Resources */,
				62D246B321E4FD930086776E /* Thats inredible.mp3 in Resources */,
				62D246AE21E4FD930086776E /* firefly.mp3 in Resources */,
				62D246A221E4FD930086776E /* stove.mp3 in Resources */,
				62D2466D21E4FD930086776E /* cozy.mp3 in Resources */,
				62D2466021E4FD930086776E /* rise.mp3 in Resources */,
				62D2465F21E4FD930086776E /* country.mp3 in Resources */,
				62D2469D21E4FD930086776E /* stain.mp3 in Resources */,
				62D2466121E4FD930086776E /* harsh man.mp3 in Resources */,
				62D246A521E4FD930086776E /* i thanks.mp3 in Resources */,
				62D246B121E4FD930086776E /* trash2.mp3 in Resources */,
				62D246B421E4FD930086776E /* kill.mp3 in Resources */,
				62D2467121E4FD930086776E /* from me.mp3 in Resources */,
				62D2468321E4FD930086776E /* back.mp3 in Resources */,
				62D2469A21E4FD930086776E /* joy.mp3 in Resources */,
				62D2467B21E4FD930086776E /* take my land.mp3 in Resources */,
				62D2468921E4FD930086776E /* I dropped.mp3 in Resources */,
				62D2466C21E4FD930086776E /* consume.mp3 in Resources */,
				62D2467421E4FD930086776E /* old man.mp3 in Resources */,
				62D2469221E4FD930086776E /* non-native.mp3 in Resources */,
				62D2469F21E4FD930086776E /* think.mp3 in Resources */,
				62D246AA21E4FD930086776E /* grain.mp3 in Resources */,
				62D2469B21E4FD930086776E /* invoice.mp3 in Resources */,
				62D246A721E4FD930086776E /* ukraine.mp3 in Resources */,
				62AF5F2321E393AF00DE4FE7 /* Assets.xcassets in Resources */,
				62D2467221E4FD930086776E /* I am better than you.mp3 in Resources */,
				62AF5F1E21E393AE00DE4FE7 /* Main.storyboard in Resources */,
				62D246AD21E4FD930086776E /* before you know its grown.mp3 in Resources */,
				62D2468F21E4FD930086776E /* english learning.mp3 in Resources */,
				62D2467521E4FD930086776E /* thick.mp3 in Resources */,
				62D246AC21E4FD930086776E /* retards.mp3 in Resources */,
				62D246A821E4FD930086776E /* star.mp3 in Resources */,
				62D2469721E4FD930086776E /* tool.mp3 in Resources */,
				62D246AF21E4FD930086776E /* throat.mp3 in Resources */,
				62D246A021E4FD930086776E /* country2.mp3 in Resources */,
				62D2469621E4FD930086776E /* glide.mp3 in Resources */,
				62D246A121E4FD930086776E /* continue.mp3 in Resources */,
				62D2467021E4FD930086776E /* after.mp3 in Resources */,
				62D2468B21E4FD930086776E /* help.mp3 in Resources */,
			);
			runOnlyForDeploymentPostprocessing = 0;
		};
/* End PBXResourcesBuildPhase section */

/* Begin PBXSourcesBuildPhase section */
		62AF5F1121E393AE00DE4FE7 /* Sources */ = {
			isa = PBXSourcesBuildPhase;
			buildActionMask = 2147483647;
			files = (
				62D2460421E3C8FA0086776E /* Level1ViewController.swift in Sources */,
				62D2460621E4F16B0086776E /* FirstLevelQuestion.swift in Sources */,
				62AF5F1B21E393AE00DE4FE7 /* MenuViewController.swift in Sources */,
				62AF5F1921E393AE00DE4FE7 /* AppDelegate.swift in Sources */,
				62D2460121E39DDA0086776E /* MenuTableViewCell.swift in Sources */,
				62AF5F2121E393AE00DE4FE7 /* English_with_Papich.xcdatamodeld in Sources */,
			);
			runOnlyForDeploymentPostprocessing = 0;
		};
/* End PBXSourcesBuildPhase section */

/* Begin PBXVariantGroup section */
		62AF5F1C21E393AE00DE4FE7 /* Main.storyboard */ = {
			isa = PBXVariantGroup;
			children = (
				62AF5F1D21E393AE00DE4FE7 /* Base */,
			);
			name = Main.storyboard;
			sourceTree = "<group>";
		};
		62AF5F2421E393AF00DE4FE7 /* LaunchScreen.storyboard */ = {
			isa = PBXVariantGroup;
			children = (
				62AF5F2521E393AF00DE4FE7 /* Base */,
			);
			name = LaunchScreen.storyboard;
			sourceTree = "<group>";
		};
/* End PBXVariantGroup section */

/* Begin XCBuildConfiguration section */
		62AF5F2821E393AF00DE4FE7 /* Debug */ = {
			isa = XCBuildConfiguration;
			buildSettings = {
				ALWAYS_SEARCH_USER_PATHS = NO;
				CLANG_ANALYZER_NONNULL = YES;
				CLANG_ANALYZER_NUMBER_OBJECT_CONVERSION = YES_AGGRESSIVE;
				CLANG_CXX_LANGUAGE_STANDARD = "gnu++14";
				CLANG_CXX_LIBRARY = "libc++";
				CLANG_ENABLE_MODULES = YES;
				CLANG_ENABLE_OBJC_ARC = YES;
				CLANG_ENABLE_OBJC_WEAK = YES;
				CLANG_WARN_BLOCK_CAPTURE_AUTORELEASING = YES;
				CLANG_WARN_BOOL_CONVERSION = YES;
				CLANG_WARN_COMMA = YES;
				CLANG_WARN_CONSTANT_CONVERSION = YES;
				CLANG_WARN_DEPRECATED_OBJC_IMPLEMENTATIONS = YES;
				CLANG_WARN_DIRECT_OBJC_ISA_USAGE = YES_ERROR;
				CLANG_WARN_DOCUMENTATION_COMMENTS = YES;
				CLANG_WARN_EMPTY_BODY = YES;
				CLANG_WARN_ENUM_CONVERSION = YES;
				CLANG_WARN_INFINITE_RECURSION = YES;
				CLANG_WARN_INT_CONVERSION = YES;
				CLANG_WARN_NON_LITERAL_NULL_CONVERSION = YES;
				CLANG_WARN_OBJC_IMPLICIT_RETAIN_SELF = YES;
				CLANG_WARN_OBJC_LITERAL_CONVERSION = YES;
				CLANG_WARN_OBJC_ROOT_CLASS = YES_ERROR;
				CLANG_WARN_RANGE_LOOP_ANALYSIS = YES;
				CLANG_WARN_STRICT_PROTOTYPES = YES;
				CLANG_WARN_SUSPICIOUS_MOVE = YES;
				CLANG_WARN_UNGUARDED_AVAILABILITY = YES_AGGRESSIVE;
				CLANG_WARN_UNREACHABLE_CODE = YES;
				CLANG_WARN__DUPLICATE_METHOD_MATCH = YES;
				CODE_SIGN_IDENTITY = "iPhone Developer";
				COPY_PHASE_STRIP = NO;
				DEBUG_INFORMATION_FORMAT = dwarf;
				ENABLE_STRICT_OBJC_MSGSEND = YES;
				ENABLE_TESTABILITY = YES;
				GCC_C_LANGUAGE_STANDARD = gnu11;
				GCC_DYNAMIC_NO_PIC = NO;
				GCC_NO_COMMON_BLOCKS = YES;
				GCC_OPTIMIZATION_LEVEL = 0;
				GCC_PREPROCESSOR_DEFINITIONS = (
					"DEBUG=1",
					"$(inherited)",
				);
				GCC_WARN_64_TO_32_BIT_CONVERSION = YES;
				GCC_WARN_ABOUT_RETURN_TYPE = YES_ERROR;
				GCC_WARN_UNDECLARED_SELECTOR = YES;
				GCC_WARN_UNINITIALIZED_AUTOS = YES_AGGRESSIVE;
				GCC_WARN_UNUSED_FUNCTION = YES;
				GCC_WARN_UNUSED_VARIABLE = YES;
				IPHONEOS_DEPLOYMENT_TARGET = 11.4;
				MTL_ENABLE_DEBUG_INFO = YES;
				ONLY_ACTIVE_ARCH = YES;
				SDKROOT = iphoneos;
				SWIFT_ACTIVE_COMPILATION_CONDITIONS = DEBUG;
				SWIFT_OPTIMIZATION_LEVEL = "-Onone";
			};
			name = Debug;
		};
		62AF5F2921E393AF00DE4FE7 /* Release */ = {
			isa = XCBuildConfiguration;
			buildSettings = {
				ALWAYS_SEARCH_USER_PATHS = NO;
				CLANG_ANALYZER_NONNULL = YES;
				CLANG_ANALYZER_NUMBER_OBJECT_CONVERSION = YES_AGGRESSIVE;
				CLANG_CXX_LANGUAGE_STANDARD = "gnu++14";
				CLANG_CXX_LIBRARY = "libc++";
				CLANG_ENABLE_MODULES = YES;
				CLANG_ENABLE_OBJC_ARC = YES;
				CLANG_ENABLE_OBJC_WEAK = YES;
				CLANG_WARN_BLOCK_CAPTURE_AUTORELEASING = YES;
				CLANG_WARN_BOOL_CONVERSION = YES;
				CLANG_WARN_COMMA = YES;
				CLANG_WARN_CONSTANT_CONVERSION = YES;
				CLANG_WARN_DEPRECATED_OBJC_IMPLEMENTATIONS = YES;
				CLANG_WARN_DIRECT_OBJC_ISA_USAGE = YES_ERROR;
				CLANG_WARN_DOCUMENTATION_COMMENTS = YES;
				CLANG_WARN_EMPTY_BODY = YES;
				CLANG_WARN_ENUM_CONVERSION = YES;
				CLANG_WARN_INFINITE_RECURSION = YES;
				CLANG_WARN_INT_CONVERSION = YES;
				CLANG_WARN_NON_LITERAL_NULL_CONVERSION = YES;
				CLANG_WARN_OBJC_IMPLICIT_RETAIN_SELF = YES;
				CLANG_WARN_OBJC_LITERAL_CONVERSION = YES;
				CLANG_WARN_OBJC_ROOT_CLASS = YES_ERROR;
				CLANG_WARN_RANGE_LOOP_ANALYSIS = YES;
				CLANG_WARN_STRICT_PROTOTYPES = YES;
				CLANG_WARN_SUSPICIOUS_MOVE = YES;
				CLANG_WARN_UNGUARDED_AVAILABILITY = YES_AGGRESSIVE;
				CLANG_WARN_UNREACHABLE_CODE = YES;
				CLANG_WARN__DUPLICATE_METHOD_MATCH = YES;
				CODE_SIGN_IDENTITY = "iPhone Developer";
				COPY_PHASE_STRIP = NO;
				DEBUG_INFORMATION_FORMAT = "dwarf-with-dsym";
				ENABLE_NS_ASSERTIONS = NO;
				ENABLE_STRICT_OBJC_MSGSEND = YES;
				GCC_C_LANGUAGE_STANDARD = gnu11;
				GCC_NO_COMMON_BLOCKS = YES;
				GCC_WARN_64_TO_32_BIT_CONVERSION = YES;
				GCC_WARN_ABOUT_RETURN_TYPE = YES_ERROR;
				GCC_WARN_UNDECLARED_SELECTOR = YES;
				GCC_WARN_UNINITIALIZED_AUTOS = YES_AGGRESSIVE;
				GCC_WARN_UNUSED_FUNCTION = YES;
				GCC_WARN_UNUSED_VARIABLE = YES;
				IPHONEOS_DEPLOYMENT_TARGET = 11.4;
				MTL_ENABLE_DEBUG_INFO = NO;
				SDKROOT = iphoneos;
				SWIFT_COMPILATION_MODE = wholemodule;
				SWIFT_OPTIMIZATION_LEVEL = "-O";
				VALIDATE_PRODUCT = YES;
			};
			name = Release;
		};
		62AF5F2B21E393AF00DE4FE7 /* Debug */ = {
			isa = XCBuildConfiguration;
			buildSettings = {
				ASSETCATALOG_COMPILER_APPICON_NAME = AppIcon;
				CODE_SIGN_STYLE = Automatic;
				DEVELOPMENT_TEAM = C8SHT3568Q;
				INFOPLIST_FILE = "English with Papich/Info.plist";
				IPHONEOS_DEPLOYMENT_TARGET = 10.0;
				LD_RUNPATH_SEARCH_PATHS = (
					"$(inherited)",
					"@executable_path/Frameworks",
				);
				PRODUCT_BUNDLE_IDENTIFIER = "wrx.English-with-Papich";
				PRODUCT_NAME = "$(TARGET_NAME)";
				SWIFT_VERSION = 4.0;
				TARGETED_DEVICE_FAMILY = "1,2";
			};
			name = Debug;
		};
		62AF5F2C21E393AF00DE4FE7 /* Release */ = {
			isa = XCBuildConfiguration;
			buildSettings = {
				ASSETCATALOG_COMPILER_APPICON_NAME = AppIcon;
				CODE_SIGN_STYLE = Automatic;
				DEVELOPMENT_TEAM = C8SHT3568Q;
				INFOPLIST_FILE = "English with Papich/Info.plist";
				IPHONEOS_DEPLOYMENT_TARGET = 10.0;
				LD_RUNPATH_SEARCH_PATHS = (
					"$(inherited)",
					"@executable_path/Frameworks",
				);
				PRODUCT_BUNDLE_IDENTIFIER = "wrx.English-with-Papich";
				PRODUCT_NAME = "$(TARGET_NAME)";
				SWIFT_VERSION = 4.0;
				TARGETED_DEVICE_FAMILY = "1,2";
			};
			name = Release;
		};
/* End XCBuildConfiguration section */

/* Begin XCConfigurationList section */
		62AF5F1021E393AE00DE4FE7 /* Build configuration list for PBXProject "English with Papich" */ = {
			isa = XCConfigurationList;
			buildConfigurations = (
				62AF5F2821E393AF00DE4FE7 /* Debug */,
				62AF5F2921E393AF00DE4FE7 /* Release */,
			);
			defaultConfigurationIsVisible = 0;
			defaultConfigurationName = Release;
		};
		62AF5F2A21E393AF00DE4FE7 /* Build configuration list for PBXNativeTarget "English with Papich" */ = {
			isa = XCConfigurationList;
			buildConfigurations = (
				62AF5F2B21E393AF00DE4FE7 /* Debug */,
				62AF5F2C21E393AF00DE4FE7 /* Release */,
			);
			defaultConfigurationIsVisible = 0;
			defaultConfigurationName = Release;
		};
/* End XCConfigurationList section */

/* Begin XCVersionGroup section */
		62AF5F1F21E393AE00DE4FE7 /* English_with_Papich.xcdatamodeld */ = {
			isa = XCVersionGroup;
			children = (
				62AF5F2021E393AE00DE4FE7 /* English_with_Papich.xcdatamodel */,
			);
			currentVersion = 62AF5F2021E393AE00DE4FE7 /* English_with_Papich.xcdatamodel */;
			path = English_with_Papich.xcdatamodeld;
			sourceTree = "<group>";
			versionGroupType = wrapper.xcdatamodel;
		};
/* End XCVersionGroup section */
	};
	rootObject = 62AF5F0D21E393AE00DE4FE7 /* Project object */;
}
